
Microsoft Visual Studio Solution File, Format Version 12.00
# Visual Studio Version 17
VisualStudioVersion = 17.10.35122.118
MinimumVisualStudioVersion = 10.0.40219.1
Project("{FAE04EC0-301F-11D3-BF4B-00C04F79EFBC}") = "jfc", "jfc\jfc.csproj", "{39818949-2BBB-4AA2-8616-7D7FF3CA223B}"
EndProject
Global
	GlobalSection(SolutionConfigurationPlatforms) = preSolution
		Debug|Any CPU = Debug|Any CPU
		Release|Any CPU = Release|Any CPU
	EndGlobalSection
	GlobalSection(ProjectConfigurationPlatforms) = postSolution
		{39818949-2BBB-4AA2-8616-7D7FF3CA223B}.Debug|Any CPU.ActiveCfg = Debug|Any CPU
		{39818949-2BBB-4AA2-8616-7D7FF3CA223B}.Debug|Any CPU.Build.0 = Debug|Any CPU
		{39818949-2BBB-4AA2-8616-7D7FF3CA223B}.Release|Any CPU.ActiveCfg = Release|Any CPU
		{39818949-2BBB-4AA2-8616-7D7FF3CA223B}.Release|Any CPU.Build.0 = Release|Any CPU
	EndGlobalSection
	GlobalSection(SolutionProperties) = preSolution
		HideSolutionNode = FALSE
	EndGlobalSection
	GlobalSection(ExtensibilityGlobals) = postSolution
		SolutionGuid = {108F9FC2-29E8-4145-805A-38E12F385FAE}
	EndGlobalSection
EndGlobal
